
Microsoft Visual Studio Solution File, Format Version 12.00
# Visual Studio 14
VisualStudioVersion = 14.0.23107.0
MinimumVisualStudioVersion = 10.0.40219.1
Project("{8BC9CEB8-8B4A-11D0-8D11-00A0C91BC942}") = "ntl", "ntl\ntl.vcxproj", "{7DF8579F-A34C-4530-B81F-20F7207B6373}"
EndProject
Project("{8BC9CEB8-8B4A-11D0-8D11-00A0C91BC942}") = "SecretSharing.Core", "SecretSharing.Core\SecretSharing.Core.vcxproj", "{71DC4434-3CE4-4557-B081-4110979B06C8}"
	ProjectSection(ProjectDependencies) = postProject
		{7DF8579F-A34C-4530-B81F-20F7207B6373} = {7DF8579F-A34C-4530-B81F-20F7207B6373}
	EndProjectSection
EndProject
Project("{FAE04EC0-301F-11D3-BF4B-00C04F79EFBC}") = "SecretSharing.Test", "SecretSharing.Test\SecretSharing.Test.csproj", "{AFDF84B3-2D06-4A7F-A218-F87B25378A57}"
EndProject
Project("{FAE04EC0-301F-11D3-BF4B-00C04F79EFBC}") = "SecretSharing.OptimalThreshold", "SecretSharing.OptimalThreshold\SecretSharing.OptimalThreshold.csproj", "{C645E737-2F40-4258-8839-2A0138649400}"
EndProject
Global
	GlobalSection(SolutionConfigurationPlatforms) = preSolution
		Debug|Any CPU = Debug|Any CPU
		Debug|x64 = Debug|x64
		Debug|x86 = Debug|x86
		Release|Any CPU = Release|Any CPU
		Release|x64 = Release|x64
		Release|x86 = Release|x86
	EndGlobalSection
	GlobalSection(ProjectConfigurationPlatforms) = postSolution
		{7DF8579F-A34C-4530-B81F-20F7207B6373}.Debug|Any CPU.ActiveCfg = Debug|x64
		{7DF8579F-A34C-4530-B81F-20F7207B6373}.Debug|Any CPU.Build.0 = Debug|x64
		{7DF8579F-A34C-4530-B81F-20F7207B6373}.Debug|x64.ActiveCfg = Debug|x64
		{7DF8579F-A34C-4530-B81F-20F7207B6373}.Debug|x64.Build.0 = Debug|x64
		{7DF8579F-A34C-4530-B81F-20F7207B6373}.Debug|x86.ActiveCfg = Debug|Win32
		{7DF8579F-A34C-4530-B81F-20F7207B6373}.Debug|x86.Build.0 = Debug|Win32
		{7DF8579F-A34C-4530-B81F-20F7207B6373}.Release|Any CPU.ActiveCfg = Release|Win32
		{7DF8579F-A34C-4530-B81F-20F7207B6373}.Release|x64.ActiveCfg = Release|x64
		{7DF8579F-A34C-4530-B81F-20F7207B6373}.Release|x64.Build.0 = Release|x64
		{7DF8579F-A34C-4530-B81F-20F7207B6373}.Release|x86.ActiveCfg = Release|Win32
		{7DF8579F-A34C-4530-B81F-20F7207B6373}.Release|x86.Build.0 = Release|Win32
		{71DC4434-3CE4-4557-B081-4110979B06C8}.Debug|Any CPU.ActiveCfg = Debug|x64
		{71DC4434-3CE4-4557-B081-4110979B06C8}.Debug|Any CPU.Build.0 = Debug|x64
		{71DC4434-3CE4-4557-B081-4110979B06C8}.Debug|x64.ActiveCfg = Debug|x64
		{71DC4434-3CE4-4557-B081-4110979B06C8}.Debug|x64.Build.0 = Debug|x64
		{71DC4434-3CE4-4557-B081-4110979B06C8}.Debug|x86.ActiveCfg = Debug|Win32
		{71DC4434-3CE4-4557-B081-4110979B06C8}.Debug|x86.Build.0 = Debug|Win32
		{71DC4434-3CE4-4557-B081-4110979B06C8}.Release|Any CPU.ActiveCfg = Release|Win32
		{71DC4434-3CE4-4557-B081-4110979B06C8}.Release|x64.ActiveCfg = Release|x64
		{71DC4434-3CE4-4557-B081-4110979B06C8}.Release|x64.Build.0 = Release|x64
		{71DC4434-3CE4-4557-B081-4110979B06C8}.Release|x86.ActiveCfg = Release|Win32
		{71DC4434-3CE4-4557-B081-4110979B06C8}.Release|x86.Build.0 = Release|Win32
		{AFDF84B3-2D06-4A7F-A218-F87B25378A57}.Debug|Any CPU.ActiveCfg = Debug|x64
		{AFDF84B3-2D06-4A7F-A218-F87B25378A57}.Debug|Any CPU.Build.0 = Debug|x64
		{AFDF84B3-2D06-4A7F-A218-F87B25378A57}.Debug|x64.ActiveCfg = Debug|x64
		{AFDF84B3-2D06-4A7F-A218-F87B25378A57}.Debug|x64.Build.0 = Debug|x64
		{AFDF84B3-2D06-4A7F-A218-F87B25378A57}.Debug|x86.ActiveCfg = Debug|x86
		{AFDF84B3-2D06-4A7F-A218-F87B25378A57}.Debug|x86.Build.0 = Debug|x86
		{AFDF84B3-2D06-4A7F-A218-F87B25378A57}.Release|Any CPU.ActiveCfg = Release|Any CPU
		{AFDF84B3-2D06-4A7F-A218-F87B25378A57}.Release|Any CPU.Build.0 = Release|Any CPU
		{AFDF84B3-2D06-4A7F-A218-F87B25378A57}.Release|x64.ActiveCfg = Release|x64
		{AFDF84B3-2D06-4A7F-A218-F87B25378A57}.Release|x64.Build.0 = Release|x64
		{AFDF84B3-2D06-4A7F-A218-F87B25378A57}.Release|x86.ActiveCfg = Release|x86
		{AFDF84B3-2D06-4A7F-A218-F87B25378A57}.Release|x86.Build.0 = Release|x86
		{C645E737-2F40-4258-8839-2A0138649400}.Debug|Any CPU.ActiveCfg = Debug|x64
		{C645E737-2F40-4258-8839-2A0138649400}.Debug|Any CPU.Build.0 = Debug|x64
		{C645E737-2F40-4258-8839-2A0138649400}.Debug|x64.ActiveCfg = Debug|x64
		{C645E737-2F40-4258-8839-2A0138649400}.Debug|x64.Build.0 = Debug|x64
		{C645E737-2F40-4258-8839-2A0138649400}.Debug|x86.ActiveCfg = Debug|x86
		{C645E737-2F40-4258-8839-2A0138649400}.Debug|x86.Build.0 = Debug|x86
		{C645E737-2F40-4258-8839-2A0138649400}.Release|Any CPU.ActiveCfg = Release|Any CPU
		{C645E737-2F40-4258-8839-2A0138649400}.Release|Any CPU.Build.0 = Release|Any CPU
		{C645E737-2F40-4258-8839-2A0138649400}.Release|x64.ActiveCfg = Release|x64
		{C645E737-2F40-4258-8839-2A0138649400}.Release|x64.Build.0 = Release|x64
		{C645E737-2F40-4258-8839-2A0138649400}.Release|x86.ActiveCfg = Release|x86
		{C645E737-2F40-4258-8839-2A0138649400}.Release|x86.Build.0 = Release|x86
	EndGlobalSection
	GlobalSection(SolutionProperties) = preSolution
		HideSolutionNode = FALSE
	EndGlobalSection
	GlobalSection(TeamFoundationVersionControl) = preSolution
		SccNumberOfProjects = 5
		SccEnterpriseProvider = {4CA58AB2-18FA-4F8D-95D4-32DDF27D184C}
		SccTeamFoundationServer = http://muc-tfs:8080/tfs/development
		SccLocalPath0 = .
		SccProjectUniqueName1 = ntl\\ntl.vcxproj
		SccProjectName1 = ntl
		SccLocalPath1 = ntl
		SccProjectUniqueName2 = SecretSharing.Core\\SecretSharing.Core.vcxproj
		SccProjectName2 = SecretSharing.Core
		SccLocalPath2 = SecretSharing.Core
		SccProjectUniqueName3 = SecretSharing.OptimalThreshold\\SecretSharing.OptimalThreshold.csproj
		SccProjectName3 = SecretSharing.OptimalThreshold
		SccLocalPath3 = SecretSharing.OptimalThreshold
		SccProjectUniqueName4 = SecretSharing.Test\\SecretSharing.Test.csproj
		SccProjectName4 = SecretSharing.Test
		SccLocalPath4 = SecretSharing.Test
	EndGlobalSection
EndGlobal
